
Microsoft Visual Studio Solution File, Format Version 12.00
# Visual Studio Version 17
VisualStudioVersion = 17.3.32922.545
MinimumVisualStudioVersion = 10.0.40219.1
Project("{FAE04EC0-301F-11D3-BF4B-00C04F79EFBC}") = "ExercicioExceptions2", "ExercicioExceptions2\ExercicioExceptions2.csproj", "{F9F94531-D924-4651-943F-05E9386C4FEB}"
EndProject
Global
	GlobalSection(SolutionConfigurationPlatforms) = preSolution
		Debug|Any CPU = Debug|Any CPU
		Release|Any CPU = Release|Any CPU
	EndGlobalSection
	GlobalSection(ProjectConfigurationPlatforms) = postSolution
		{F9F94531-D924-4651-943F-05E9386C4FEB}.Debug|Any CPU.ActiveCfg = Debug|Any CPU
		{F9F94531-D924-4651-943F-05E9386C4FEB}.Debug|Any CPU.Build.0 = Debug|Any CPU
		{F9F94531-D924-4651-943F-05E9386C4FEB}.Release|Any CPU.ActiveCfg = Release|Any CPU
		{F9F94531-D924-4651-943F-05E9386C4FEB}.Release|Any CPU.Build.0 = Release|Any CPU
	EndGlobalSection
	GlobalSection(SolutionProperties) = preSolution
		HideSolutionNode = FALSE
	EndGlobalSection
	GlobalSection(ExtensibilityGlobals) = postSolution
		SolutionGuid = {995A7F5C-B40D-4607-A66B-069486D6F97C}
	EndGlobalSection
EndGlobal
